Microsoft Visual Studio Solution File, Format Version 8.00
Project("{8BC9CEB8-8B4A-11D0-8D11-00A0C91BC942}") = "Bomberman", "Bomberman.vcproj", "{1B855D98-8941-4DF7-9EE0-1F94803A37AC}"
	ProjectSection(ProjectDependencies) = postProject
	EndProjectSection
EndProject
Global
	GlobalSection(SolutionConfiguration) = preSolution
		Debug = Debug
		Release = Release
	EndGlobalSection
	GlobalSection(ProjectConfiguration) = postSolution
		{1B855D98-8941-4DF7-9EE0-1F94803A37AC}.Debug.ActiveCfg = Debug|Win32
		{1B855D98-8941-4DF7-9EE0-1F94803A37AC}.Debug.Build.0 = Debug|Win32
		{1B855D98-8941-4DF7-9EE0-1F94803A37AC}.Release.ActiveCfg = Release|Win32
		{1B855D98-8941-4DF7-9EE0-1F94803A37AC}.Release.Build.0 = Release|Win32
	EndGlobalSection
	GlobalSection(ExtensibilityGlobals) = postSolution
	EndGlobalSection
	GlobalSection(ExtensibilityAddIns) = postSolution
	EndGlobalSection
EndGlobal
